
Microsoft Visual Studio Solution File, Format Version 12.00
# Visual Studio Version 16
VisualStudioVersion = 16.0.31321.278
MinimumVisualStudioVersion = 10.0.40219.1
Project("{9A19103F-16F7-4668-BE54-9A1E7A4F7556}") = "TestProject1", "TestProject1\TestProject1.csproj", "{8C0E16FE-53AF-4822-8FE3-1EBA106A7F5C}"
EndProject
Project("{9A19103F-16F7-4668-BE54-9A1E7A4F7556}") = "ArchivingServices", "ArchivingServices\ArchivingServices.csproj", "{9ED63049-5B6A-405F-80A6-2FF83B3257B9}"
EndProject
Global
	GlobalSection(SolutionConfigurationPlatforms) = preSolution
		Debug|Any CPU = Debug|Any CPU
		Release|Any CPU = Release|Any CPU
	EndGlobalSection
	GlobalSection(ProjectConfigurationPlatforms) = postSolution
		{8C0E16FE-53AF-4822-8FE3-1EBA106A7F5C}.Debug|Any CPU.ActiveCfg = Debug|Any CPU
		{8C0E16FE-53AF-4822-8FE3-1EBA106A7F5C}.Debug|Any CPU.Build.0 = Debug|Any CPU
		{8C0E16FE-53AF-4822-8FE3-1EBA106A7F5C}.Release|Any CPU.ActiveCfg = Release|Any CPU
		{8C0E16FE-53AF-4822-8FE3-1EBA106A7F5C}.Release|Any CPU.Build.0 = Release|Any CPU
		{9ED63049-5B6A-405F-80A6-2FF83B3257B9}.Debug|Any CPU.ActiveCfg = Debug|Any CPU
		{9ED63049-5B6A-405F-80A6-2FF83B3257B9}.Debug|Any CPU.Build.0 = Debug|Any CPU
		{9ED63049-5B6A-405F-80A6-2FF83B3257B9}.Release|Any CPU.ActiveCfg = Release|Any CPU
		{9ED63049-5B6A-405F-80A6-2FF83B3257B9}.Release|Any CPU.Build.0 = Release|Any CPU
	EndGlobalSection
	GlobalSection(SolutionProperties) = preSolution
		HideSolutionNode = FALSE
	EndGlobalSection
	GlobalSection(ExtensibilityGlobals) = postSolution
		SolutionGuid = {A3296B3D-25BE-4137-946E-5A4EB6C06889}
	EndGlobalSection
EndGlobal
